
Microsoft Visual Studio Solution File, Format Version 12.00
# Visual Studio Version 16
VisualStudioVersion = 16.0.31624.102
MinimumVisualStudioVersion = 10.0.40219.1
Project("{9A19103F-16F7-4668-BE54-9A1E7A4F7556}") = "patrones_CSHARP", "patrones_CSHARP\patrones_CSHARP.csproj", "{1D11A85D-E429-43FA-9964-8B202D25DC86}"
EndProject
Project("{2150E333-8FDC-42A3-9474-1A3956D46DE8}") = "Comportamiento", "Comportamiento", "{A183EC8D-7338-45C2-967B-C3E360B4E2F9}"
EndProject
Project("{2150E333-8FDC-42A3-9474-1A3956D46DE8}") = "Diseño", "Diseño", "{0D04B990-811F-4C9B-B122-CBD7C9F04417}"
EndProject
Project("{2150E333-8FDC-42A3-9474-1A3956D46DE8}") = "Estructural", "Estructural", "{78108FB7-E5D8-472A-B7F9-216B8D4FCDE4}"
EndProject
Project("{2150E333-8FDC-42A3-9474-1A3956D46DE8}") = "Chain_of_responsibility", "Chain_of_responsibility", "{89BFB525-DB82-40BB-9AE6-FE465C0077F9}"
EndProject
Project("{2150E333-8FDC-42A3-9474-1A3956D46DE8}") = "Command", "Command", "{296D39EC-62B6-4A47-86B0-1C3AB78E67B8}"
EndProject
Project("{2150E333-8FDC-42A3-9474-1A3956D46DE8}") = "Interpreter", "Interpreter", "{792917C5-1E13-473E-B913-98FBCC22F5E8}"
EndProject
Project("{2150E333-8FDC-42A3-9474-1A3956D46DE8}") = "Iterator", "Iterator", "{D39F9355-7417-44AE-99CD-B157600E7862}"
EndProject
Project("{2150E333-8FDC-42A3-9474-1A3956D46DE8}") = "Mediator", "Mediator", "{4C6F29A6-D513-40DB-BA01-9B50D98A164F}"
EndProject
Project("{2150E333-8FDC-42A3-9474-1A3956D46DE8}") = "Memento", "Memento", "{A6674BA2-D9F8-4F24-A6D4-854ACB0C4B55}"
EndProject
Project("{2150E333-8FDC-42A3-9474-1A3956D46DE8}") = "Observer", "Observer", "{B0655F73-D822-41FE-B27C-DA4DA49647C3}"
EndProject
Project("{2150E333-8FDC-42A3-9474-1A3956D46DE8}") = "State", "State", "{B319A85F-5090-4DD9-939B-71DC54A13C23}"
EndProject
Project("{2150E333-8FDC-42A3-9474-1A3956D46DE8}") = "Strategy", "Strategy", "{DAA568F3-152D-4759-B990-6E4629F844D3}"
EndProject
Project("{2150E333-8FDC-42A3-9474-1A3956D46DE8}") = "Template_method", "Template_method", "{F0A9EE1F-4019-41E6-9303-366BEE82364C}"
EndProject
Project("{2150E333-8FDC-42A3-9474-1A3956D46DE8}") = "Visitor", "Visitor", "{78151D2D-E078-4A3A-9E62-1FA381E8DD88}"
EndProject
Project("{2150E333-8FDC-42A3-9474-1A3956D46DE8}") = "Adapter", "Adapter", "{F79F04C9-0B72-4BB8-B314-577E2210A660}"
EndProject
Project("{2150E333-8FDC-42A3-9474-1A3956D46DE8}") = "Bridge", "Bridge", "{1AE75BDD-5A47-4B9F-945C-298EA4C6F387}"
EndProject
Project("{2150E333-8FDC-42A3-9474-1A3956D46DE8}") = "Composite", "Composite", "{CF39161B-E575-4529-B7F1-A1805FE8FEA0}"
EndProject
Project("{2150E333-8FDC-42A3-9474-1A3956D46DE8}") = "Decorator", "Decorator", "{D42A2365-B680-47CA-9449-90CFF4F75336}"
EndProject
Project("{2150E333-8FDC-42A3-9474-1A3956D46DE8}") = "Façade", "Façade", "{67F17CA4-C05A-4FDB-B744-D895F914A041}"
EndProject
Project("{2150E333-8FDC-42A3-9474-1A3956D46DE8}") = "Abstract_factory", "Abstract_factory", "{4D13D21B-22F7-4D50-8907-BEC1527E8769}"
EndProject
Project("{2150E333-8FDC-42A3-9474-1A3956D46DE8}") = "Factory_method", "Factory_method", "{106394EF-08DF-4767-ABB0-ADF729186869}"
EndProject
Project("{2150E333-8FDC-42A3-9474-1A3956D46DE8}") = "Singleton", "Singleton", "{B23DEF1D-4BC3-443D-B90D-13E97AD39C17}"
EndProject
Project("{2150E333-8FDC-42A3-9474-1A3956D46DE8}") = "Prototype", "Prototype", "{6A22A435-A1EC-4359-91F9-6DBED6B27CEB}"
EndProject
Project("{2150E333-8FDC-42A3-9474-1A3956D46DE8}") = "Builder", "Builder", "{0EC7E5F4-6FE0-4595-AA0B-13D534FF046B}"
EndProject
Project("{9A19103F-16F7-4668-BE54-9A1E7A4F7556}") = "responsabilityApp", "responsabilityApp\responsabilityApp.csproj", "{9E07B336-8B61-414F-8CDF-072185533491}"
EndProject
Project("{9A19103F-16F7-4668-BE54-9A1E7A4F7556}") = "commandApp", "commandApp\commandApp.csproj", "{515919F2-2F07-4F34-8237-1476AB756E5A}"
EndProject
Project("{9A19103F-16F7-4668-BE54-9A1E7A4F7556}") = "InterpreterApp", "InterpreterApp\InterpreterApp.csproj", "{F780378A-F05F-4AAA-B52F-724432985C10}"
EndProject
Project("{9A19103F-16F7-4668-BE54-9A1E7A4F7556}") = "Adapte", "..\..\..\Documents\Patrones_Estructurales\Adapte\Adapte\Adapte.csproj", "{5511B81C-3B1B-4843-8C6B-CB5F48885A00}"
EndProject
Project("{9A19103F-16F7-4668-BE54-9A1E7A4F7556}") = "Bridge", "..\..\..\Documents\Patrones_Estructurales\Bridge\Bridge\Bridge.csproj", "{6470F454-4E91-4188-A093-21CB1B1F9802}"
EndProject
Project("{9A19103F-16F7-4668-BE54-9A1E7A4F7556}") = "Composite", "..\..\..\Documents\Patrones_Estructurales\Composite\Composite.csproj", "{3CD1AA5D-D6B0-439B-A91B-15B8CB1E4087}"
EndProject
Project("{9A19103F-16F7-4668-BE54-9A1E7A4F7556}") = "Decorator", "..\..\..\Documents\Patrones_Estructurales\Decorator\Decorator\Decorator.csproj", "{401C1568-7AEA-48F4-BE4F-818A5DBB108A}"
EndProject
Project("{9A19103F-16F7-4668-BE54-9A1E7A4F7556}") = "Facade", "..\..\..\Documents\Patrones_Estructurales\Facade\Facade\Facade.csproj", "{FD20D1F7-0219-4F29-8576-BC6F35FFD007}"
EndProject
Project("{2150E333-8FDC-42A3-9474-1A3956D46DE8}") = "Flyweight", "Flyweight", "{07EA43A8-5ACB-49EF-A90E-EB7AB14109AF}"
EndProject
Project("{2150E333-8FDC-42A3-9474-1A3956D46DE8}") = "Proxy", "Proxy", "{64B0D278-927C-4BE0-A99B-2CD11EF9D9F2}"
EndProject
Project("{9A19103F-16F7-4668-BE54-9A1E7A4F7556}") = "FLYWEIGHT", "..\..\..\Documents\Patrones_Estructurales\FLYWEIGHT\FLYWEIGHT\FLYWEIGHT.csproj", "{10DE1CC4-350E-4F05-B338-ACF4CCD84E71}"
EndProject
Project("{9A19103F-16F7-4668-BE54-9A1E7A4F7556}") = "Proxy", "..\..\..\Documents\Patrones_Estructurales\Proxy\Proxy\Proxy.csproj", "{A3428218-E26C-4449-9B45-0EEE65E818AA}"
EndProject
Global
	GlobalSection(SolutionConfigurationPlatforms) = preSolution
		Debug|Any CPU = Debug|Any CPU
		Release|Any CPU = Release|Any CPU
	EndGlobalSection
	GlobalSection(ProjectConfigurationPlatforms) = postSolution
		{1D11A85D-E429-43FA-9964-8B202D25DC86}.Debug|Any CPU.ActiveCfg = Debug|Any CPU
		{1D11A85D-E429-43FA-9964-8B202D25DC86}.Debug|Any CPU.Build.0 = Debug|Any CPU
		{1D11A85D-E429-43FA-9964-8B202D25DC86}.Release|Any CPU.ActiveCfg = Release|Any CPU
		{1D11A85D-E429-43FA-9964-8B202D25DC86}.Release|Any CPU.Build.0 = Release|Any CPU
		{9E07B336-8B61-414F-8CDF-072185533491}.Debug|Any CPU.ActiveCfg = Debug|Any CPU
		{9E07B336-8B61-414F-8CDF-072185533491}.Debug|Any CPU.Build.0 = Debug|Any CPU
		{9E07B336-8B61-414F-8CDF-072185533491}.Release|Any CPU.ActiveCfg = Release|Any CPU
		{9E07B336-8B61-414F-8CDF-072185533491}.Release|Any CPU.Build.0 = Release|Any CPU
		{515919F2-2F07-4F34-8237-1476AB756E5A}.Debug|Any CPU.ActiveCfg = Debug|Any CPU
		{515919F2-2F07-4F34-8237-1476AB756E5A}.Debug|Any CPU.Build.0 = Debug|Any CPU
		{515919F2-2F07-4F34-8237-1476AB756E5A}.Release|Any CPU.ActiveCfg = Release|Any CPU
		{515919F2-2F07-4F34-8237-1476AB756E5A}.Release|Any CPU.Build.0 = Release|Any CPU
		{F780378A-F05F-4AAA-B52F-724432985C10}.Debug|Any CPU.ActiveCfg = Debug|Any CPU
		{F780378A-F05F-4AAA-B52F-724432985C10}.Debug|Any CPU.Build.0 = Debug|Any CPU
		{F780378A-F05F-4AAA-B52F-724432985C10}.Release|Any CPU.ActiveCfg = Release|Any CPU
		{F780378A-F05F-4AAA-B52F-724432985C10}.Release|Any CPU.Build.0 = Release|Any CPU
		{5511B81C-3B1B-4843-8C6B-CB5F48885A00}.Debug|Any CPU.ActiveCfg = Debug|Any CPU
		{5511B81C-3B1B-4843-8C6B-CB5F48885A00}.Debug|Any CPU.Build.0 = Debug|Any CPU
		{5511B81C-3B1B-4843-8C6B-CB5F48885A00}.Release|Any CPU.ActiveCfg = Release|Any CPU
		{5511B81C-3B1B-4843-8C6B-CB5F48885A00}.Release|Any CPU.Build.0 = Release|Any CPU
		{6470F454-4E91-4188-A093-21CB1B1F9802}.Debug|Any CPU.ActiveCfg = Debug|Any CPU
		{6470F454-4E91-4188-A093-21CB1B1F9802}.Debug|Any CPU.Build.0 = Debug|Any CPU
		{6470F454-4E91-4188-A093-21CB1B1F9802}.Release|Any CPU.ActiveCfg = Release|Any CPU
		{6470F454-4E91-4188-A093-21CB1B1F9802}.Release|Any CPU.Build.0 = Release|Any CPU
		{3CD1AA5D-D6B0-439B-A91B-15B8CB1E4087}.Debug|Any CPU.ActiveCfg = Debug|Any CPU
		{3CD1AA5D-D6B0-439B-A91B-15B8CB1E4087}.Debug|Any CPU.Build.0 = Debug|Any CPU
		{3CD1AA5D-D6B0-439B-A91B-15B8CB1E4087}.Release|Any CPU.ActiveCfg = Release|Any CPU
		{3CD1AA5D-D6B0-439B-A91B-15B8CB1E4087}.Release|Any CPU.Build.0 = Release|Any CPU
		{401C1568-7AEA-48F4-BE4F-818A5DBB108A}.Debug|Any CPU.ActiveCfg = Debug|Any CPU
		{401C1568-7AEA-48F4-BE4F-818A5DBB108A}.Debug|Any CPU.Build.0 = Debug|Any CPU
		{401C1568-7AEA-48F4-BE4F-818A5DBB108A}.Release|Any CPU.ActiveCfg = Release|Any CPU
		{401C1568-7AEA-48F4-BE4F-818A5DBB108A}.Release|Any CPU.Build.0 = Release|Any CPU
		{FD20D1F7-0219-4F29-8576-BC6F35FFD007}.Debug|Any CPU.ActiveCfg = Debug|Any CPU
		{FD20D1F7-0219-4F29-8576-BC6F35FFD007}.Debug|Any CPU.Build.0 = Debug|Any CPU
		{FD20D1F7-0219-4F29-8576-BC6F35FFD007}.Release|Any CPU.ActiveCfg = Release|Any CPU
		{FD20D1F7-0219-4F29-8576-BC6F35FFD007}.Release|Any CPU.Build.0 = Release|Any CPU
		{10DE1CC4-350E-4F05-B338-ACF4CCD84E71}.Debug|Any CPU.ActiveCfg = Debug|Any CPU
		{10DE1CC4-350E-4F05-B338-ACF4CCD84E71}.Debug|Any CPU.Build.0 = Debug|Any CPU
		{10DE1CC4-350E-4F05-B338-ACF4CCD84E71}.Release|Any CPU.ActiveCfg = Release|Any CPU
		{10DE1CC4-350E-4F05-B338-ACF4CCD84E71}.Release|Any CPU.Build.0 = Release|Any CPU
		{A3428218-E26C-4449-9B45-0EEE65E818AA}.Debug|Any CPU.ActiveCfg = Debug|Any CPU
		{A3428218-E26C-4449-9B45-0EEE65E818AA}.Debug|Any CPU.Build.0 = Debug|Any CPU
		{A3428218-E26C-4449-9B45-0EEE65E818AA}.Release|Any CPU.ActiveCfg = Release|Any CPU
		{A3428218-E26C-4449-9B45-0EEE65E818AA}.Release|Any CPU.Build.0 = Release|Any CPU
	EndGlobalSection
	GlobalSection(SolutionProperties) = preSolution
		HideSolutionNode = FALSE
	EndGlobalSection
	GlobalSection(NestedProjects) = preSolution
		{89BFB525-DB82-40BB-9AE6-FE465C0077F9} = {A183EC8D-7338-45C2-967B-C3E360B4E2F9}
		{296D39EC-62B6-4A47-86B0-1C3AB78E67B8} = {A183EC8D-7338-45C2-967B-C3E360B4E2F9}
		{792917C5-1E13-473E-B913-98FBCC22F5E8} = {A183EC8D-7338-45C2-967B-C3E360B4E2F9}
		{D39F9355-7417-44AE-99CD-B157600E7862} = {A183EC8D-7338-45C2-967B-C3E360B4E2F9}
		{4C6F29A6-D513-40DB-BA01-9B50D98A164F} = {A183EC8D-7338-45C2-967B-C3E360B4E2F9}
		{A6674BA2-D9F8-4F24-A6D4-854ACB0C4B55} = {A183EC8D-7338-45C2-967B-C3E360B4E2F9}
		{B0655F73-D822-41FE-B27C-DA4DA49647C3} = {A183EC8D-7338-45C2-967B-C3E360B4E2F9}
		{B319A85F-5090-4DD9-939B-71DC54A13C23} = {A183EC8D-7338-45C2-967B-C3E360B4E2F9}
		{DAA568F3-152D-4759-B990-6E4629F844D3} = {A183EC8D-7338-45C2-967B-C3E360B4E2F9}
		{F0A9EE1F-4019-41E6-9303-366BEE82364C} = {A183EC8D-7338-45C2-967B-C3E360B4E2F9}
		{78151D2D-E078-4A3A-9E62-1FA381E8DD88} = {A183EC8D-7338-45C2-967B-C3E360B4E2F9}
		{F79F04C9-0B72-4BB8-B314-577E2210A660} = {78108FB7-E5D8-472A-B7F9-216B8D4FCDE4}
		{1AE75BDD-5A47-4B9F-945C-298EA4C6F387} = {78108FB7-E5D8-472A-B7F9-216B8D4FCDE4}
		{CF39161B-E575-4529-B7F1-A1805FE8FEA0} = {78108FB7-E5D8-472A-B7F9-216B8D4FCDE4}
		{D42A2365-B680-47CA-9449-90CFF4F75336} = {78108FB7-E5D8-472A-B7F9-216B8D4FCDE4}
		{67F17CA4-C05A-4FDB-B744-D895F914A041} = {78108FB7-E5D8-472A-B7F9-216B8D4FCDE4}
		{4D13D21B-22F7-4D50-8907-BEC1527E8769} = {0D04B990-811F-4C9B-B122-CBD7C9F04417}
		{106394EF-08DF-4767-ABB0-ADF729186869} = {0D04B990-811F-4C9B-B122-CBD7C9F04417}
		{B23DEF1D-4BC3-443D-B90D-13E97AD39C17} = {0D04B990-811F-4C9B-B122-CBD7C9F04417}
		{6A22A435-A1EC-4359-91F9-6DBED6B27CEB} = {0D04B990-811F-4C9B-B122-CBD7C9F04417}
		{0EC7E5F4-6FE0-4595-AA0B-13D534FF046B} = {0D04B990-811F-4C9B-B122-CBD7C9F04417}
		{9E07B336-8B61-414F-8CDF-072185533491} = {89BFB525-DB82-40BB-9AE6-FE465C0077F9}
		{515919F2-2F07-4F34-8237-1476AB756E5A} = {296D39EC-62B6-4A47-86B0-1C3AB78E67B8}
		{F780378A-F05F-4AAA-B52F-724432985C10} = {792917C5-1E13-473E-B913-98FBCC22F5E8}
		{5511B81C-3B1B-4843-8C6B-CB5F48885A00} = {F79F04C9-0B72-4BB8-B314-577E2210A660}
		{6470F454-4E91-4188-A093-21CB1B1F9802} = {1AE75BDD-5A47-4B9F-945C-298EA4C6F387}
		{3CD1AA5D-D6B0-439B-A91B-15B8CB1E4087} = {CF39161B-E575-4529-B7F1-A1805FE8FEA0}
		{401C1568-7AEA-48F4-BE4F-818A5DBB108A} = {D42A2365-B680-47CA-9449-90CFF4F75336}
		{FD20D1F7-0219-4F29-8576-BC6F35FFD007} = {67F17CA4-C05A-4FDB-B744-D895F914A041}
		{07EA43A8-5ACB-49EF-A90E-EB7AB14109AF} = {78108FB7-E5D8-472A-B7F9-216B8D4FCDE4}
		{64B0D278-927C-4BE0-A99B-2CD11EF9D9F2} = {78108FB7-E5D8-472A-B7F9-216B8D4FCDE4}
		{10DE1CC4-350E-4F05-B338-ACF4CCD84E71} = {07EA43A8-5ACB-49EF-A90E-EB7AB14109AF}
		{A3428218-E26C-4449-9B45-0EEE65E818AA} = {64B0D278-927C-4BE0-A99B-2CD11EF9D9F2}
	EndGlobalSection
	GlobalSection(ExtensibilityGlobals) = postSolution
		SolutionGuid = {7A885B1D-25FD-450E-9C7A-91052A88A8CF}
	EndGlobalSection
EndGlobal
